{
  "originHash" : "1b2c228030915b23a3cf82200a5338af8fac8d32b4af10db0d3da0dd5465021e",
  "pins" : [
    {
      "identity" : "nuke",
      "kind" : "remoteSourceControl",
      "location" : "https://github.com/kean/Nuke.git",
      "state" : {
        "revision" : "7f73ceaeacd5df75a7994cd82e165ad9ff1815db",
        "version" : "9.6.1"
      }
    }
  ],
  "version" : 3
}
